
Microsoft Visual Studio Solution File, Format Version 12.00
# Visual Studio Version 17
VisualStudioVersion = 17.1.32421.90
MinimumVisualStudioVersion = 10.0.40219.1
Project("{FAE04EC0-301F-11D3-BF4B-00C04F79EFBC}") = "gggg", "gggg\gggg.csproj", "{EDD01A70-9A05-4FD4-8160-F0AD45E81817}"
EndProject
Global
	GlobalSection(SolutionConfigurationPlatforms) = preSolution
		Debug|Any CPU = Debug|Any CPU
		Release|Any CPU = Release|Any CPU
	EndGlobalSection
	GlobalSection(ProjectConfigurationPlatforms) = postSolution
		{EDD01A70-9A05-4FD4-8160-F0AD45E81817}.Debug|Any CPU.ActiveCfg = Debug|Any CPU
		{EDD01A70-9A05-4FD4-8160-F0AD45E81817}.Debug|Any CPU.Build.0 = Debug|Any CPU
		{EDD01A70-9A05-4FD4-8160-F0AD45E81817}.Release|Any CPU.ActiveCfg = Release|Any CPU
		{EDD01A70-9A05-4FD4-8160-F0AD45E81817}.Release|Any CPU.Build.0 = Release|Any CPU
	EndGlobalSection
	GlobalSection(SolutionProperties) = preSolution
		HideSolutionNode = FALSE
	EndGlobalSection
	GlobalSection(ExtensibilityGlobals) = postSolution
		SolutionGuid = {2C8C2608-AB3C-4016-AFF7-AEA4F2BA168D}
	EndGlobalSection
EndGlobal
